{
  "name": "klaras-diary",
  "lockfileVersion": 2,
  "requires": true,
  "packages": {
    "": {
      "dependencies": {
        "@picocss/pico": "^2.0.0-alpha1",
        "seededshuffle": "^0.2.0",
        "theme-toggles": "^4.10.1"
      }
    },
    "node_modules/@picocss/pico": {
      "version": "2.0.0-alpha1",
      "resolved": "https://registry.npmjs.org/@picocss/pico/-/pico-2.0.0-alpha1.tgz",
      "integrity": "sha512-DIMBG+ssQHVKEkQuwUs3mfBqNotxIH59xCmrMA8jCtm0CyRmc8p+VfMW1YeBZpeEY/WiKNw8GTefpoLBFvdpug=="
    },
    "node_modules/seededshuffle": {
      "version": "0.2.0",
      "resolved": "https://registry.npmjs.org/seededshuffle/-/seededshuffle-0.2.0.tgz",
      "integrity": "sha512-PHDs2DFmQjhrrpCryB3NJfzfQmNO3cYrgxsrMSESnI8tVU08VTxzHmK5atsNukvJKsRE4ro1UfBtBbKz7TeJsQ=="
    },
    "node_modules/theme-toggles": {
      "version": "4.10.1",
      "resolved": "https://registry.npmjs.org/theme-toggles/-/theme-toggles-4.10.1.tgz",
      "integrity": "sha512-PCvj0cB+3JOv8gUXjvp+/7Nu7hSLAYCwmxsAjltIhUUpF6NPn3jDMo64KCu2S2HQe+lGAEM01f2hDzqlPg3bsQ==",
      "funding": {
        "type": "github",
        "url": "https://github.com/sponsors/alfiejones"
      }
    }
  },
  "dependencies": {
    "@picocss/pico": {
      "version": "2.0.0-alpha1",
      "resolved": "https://registry.npmjs.org/@picocss/pico/-/pico-2.0.0-alpha1.tgz",
      "integrity": "sha512-DIMBG+ssQHVKEkQuwUs3mfBqNotxIH59xCmrMA8jCtm0CyRmc8p+VfMW1YeBZpeEY/WiKNw8GTefpoLBFvdpug=="
    },
    "seededshuffle": {
      "version": "0.2.0",
      "resolved": "https://registry.npmjs.org/seededshuffle/-/seededshuffle-0.2.0.tgz",
      "integrity": "sha512-PHDs2DFmQjhrrpCryB3NJfzfQmNO3cYrgxsrMSESnI8tVU08VTxzHmK5atsNukvJKsRE4ro1UfBtBbKz7TeJsQ=="
    },
    "theme-toggles": {
      "version": "4.10.1",
      "resolved": "https://registry.npmjs.org/theme-toggles/-/theme-toggles-4.10.1.tgz",
      "integrity": "sha512-PCvj0cB+3JOv8gUXjvp+/7Nu7hSLAYCwmxsAjltIhUUpF6NPn3jDMo64KCu2S2HQe+lGAEM01f2hDzqlPg3bsQ=="
    }
  }
}
