{
  "name": "klaras-diary",
  "lockfileVersion": 2,
  "requires": true,
  "packages": {
    "": {
      "dependencies": {
        "@picocss/pico": "^2.0.0-alpha1"
      }
    },
    "node_modules/@picocss/pico": {
      "version": "2.0.0-alpha1",
      "resolved": "https://registry.npmjs.org/@picocss/pico/-/pico-2.0.0-alpha1.tgz",
      "integrity": "sha512-DIMBG+ssQHVKEkQuwUs3mfBqNotxIH59xCmrMA8jCtm0CyRmc8p+VfMW1YeBZpeEY/WiKNw8GTefpoLBFvdpug=="
    }
  },
  "dependencies": {
    "@picocss/pico": {
      "version": "2.0.0-alpha1",
      "resolved": "https://registry.npmjs.org/@picocss/pico/-/pico-2.0.0-alpha1.tgz",
      "integrity": "sha512-DIMBG+ssQHVKEkQuwUs3mfBqNotxIH59xCmrMA8jCtm0CyRmc8p+VfMW1YeBZpeEY/WiKNw8GTefpoLBFvdpug=="
    }
  }
}
